
Microsoft Visual Studio Solution File, Format Version 12.00
# Visual Studio 2013
VisualStudioVersion = 12.0.31101.0
MinimumVisualStudioVersion = 10.0.40219.1
Project("{2150E333-8FDC-42A3-9474-1A3956D46DE8}") = "WCF", "WCF", "{7B3FD2D7-D64C-4F43-8B81-575311D47F42}"
EndProject
Project("{2150E333-8FDC-42A3-9474-1A3956D46DE8}") = "lib", "lib", "{2938A038-D9E5-4395-9FC8-91802B32AABC}"
EndProject
Project("{2150E333-8FDC-42A3-9474-1A3956D46DE8}") = "Common", "Common", "{CC34FB72-58B4-4B1B-85A2-8A79115314A7}"
	ProjectSection(SolutionItems) = preProject
		CommonAssemblyInfo.cs = CommonAssemblyInfo.cs
	EndProjectSection
EndProject
Project("{2150E333-8FDC-42A3-9474-1A3956D46DE8}") = "FSharp", "FSharp", "{28427378-E79A-4B9B-8FB6-DE8D2CB9E787}"
EndProject
Project("{FAE04EC0-301F-11D3-BF4B-00C04F79EFBC}") = "WCFBasicUI", "WCF\WCFBasicUI\WCFBasicUI.csproj", "{2D09E391-132E-4452-A852-456D5081C893}"
EndProject
Project("{FAE04EC0-301F-11D3-BF4B-00C04F79EFBC}") = "WcfServer", "WCF\WcfServer\WcfServer.csproj", "{7D2E74D4-E4CB-4452-B4DF-57FA5A6ACAB5}"
EndProject
Project("{FAE04EC0-301F-11D3-BF4B-00C04F79EFBC}") = "WcfClient", "WCF\WcfClient\WcfClient.csproj", "{DBB20AA3-C1D1-4224-9EAE-A8C057111772}"
EndProject
Project("{FAE04EC0-301F-11D3-BF4B-00C04F79EFBC}") = "WcfContract", "WCF\WcfContract\WcfContract.csproj", "{DFE00C83-642B-448B-ABF5-C87569279D9E}"
EndProject
Project("{FAE04EC0-301F-11D3-BF4B-00C04F79EFBC}") = "NET4", "NET4\NET4.csproj", "{2CFB5A20-5B73-4B89-9EDE-082439F06A0D}"
EndProject
Project("{FAE04EC0-301F-11D3-BF4B-00C04F79EFBC}") = "PDNUtils", "PDNUtils\PDNUtils.csproj", "{D3E6B222-76FE-486C-B3ED-D2173F61FD04}"
EndProject
Project("{FAE04EC0-301F-11D3-BF4B-00C04F79EFBC}") = "DragAndDropGUI", "DragAndDropGUI\DragAndDropGUI.csproj", "{471AD4E5-D7CE-47C6-BFC0-763CA3A18C3A}"
EndProject
Project("{FAE04EC0-301F-11D3-BF4B-00C04F79EFBC}") = "TestWinService", "TestWinService\TestWinService.csproj", "{67F88FE4-2A91-4C57-A4EE-43FE773B13FD}"
EndProject
Project("{F2A71F9B-5D33-465A-A702-920D77279786}") = "PdnFUtils", "F\PdnFUtils\PdnFUtils.fsproj", "{012139C4-FBC2-4FD6-835A-F44375E8C724}"
EndProject
Project("{F2A71F9B-5D33-465A-A702-920D77279786}") = "FConsoleApp", "F\FConsoleApp\FConsoleApp.fsproj", "{87C112F4-F7D6-4EF1-8DD7-5564616BA4E3}"
EndProject
Project("{FAE04EC0-301F-11D3-BF4B-00C04F79EFBC}") = "MultiGUI", "MultiGUI\MultiGUI.csproj", "{C6FAC440-4465-4391-AC88-3232769C1C9A}"
EndProject
Project("{FAE04EC0-301F-11D3-BF4B-00C04F79EFBC}") = "OriginalName", "OriginalName\OriginalName.csproj", "{67A912C7-572C-4052-B781-EB1089544EC6}"
EndProject
Project("{FAE04EC0-301F-11D3-BF4B-00C04F79EFBC}") = "TestWeirdReference", "TestWeirdReference\TestWeirdReference.csproj", "{32A82B4C-C730-47AC-8F3E-D76A51A1BC94}"
EndProject
Project("{FAE04EC0-301F-11D3-BF4B-00C04F79EFBC}") = "YaTest", "YaTest\YaTest.csproj", "{475FB017-7C52-4372-AE5F-DF940C284A4F}"
EndProject
Project("{2150E333-8FDC-42A3-9474-1A3956D46DE8}") = "3rdParty", "3rdParty", "{166DAF5A-E1CB-4400-84EC-D14D387B25E8}"
EndProject
Project("{FAE04EC0-301F-11D3-BF4B-00C04F79EFBC}") = "ICSharpCode.SharpZLib", "..\ICSharpCode.SharpZipLib\src\ICSharpCode.SharpZLib.csproj", "{0E7413FF-EB9E-4714-ACF2-BE3A6A7B2FFD}"
EndProject
Global
	GlobalSection(SolutionConfigurationPlatforms) = preSolution
		Debug|Any CPU = Debug|Any CPU
		Debug|Mixed Platforms = Debug|Mixed Platforms
		Debug|x86 = Debug|x86
		Release|Any CPU = Release|Any CPU
		Release|Mixed Platforms = Release|Mixed Platforms
		Release|x86 = Release|x86
	EndGlobalSection
	GlobalSection(ProjectConfigurationPlatforms) = postSolution
		{2D09E391-132E-4452-A852-456D5081C893}.Debug|Any CPU.ActiveCfg = Debug|Any CPU
		{2D09E391-132E-4452-A852-456D5081C893}.Debug|Any CPU.Build.0 = Debug|Any CPU
		{2D09E391-132E-4452-A852-456D5081C893}.Debug|Mixed Platforms.ActiveCfg = Debug|Any CPU
		{2D09E391-132E-4452-A852-456D5081C893}.Debug|Mixed Platforms.Build.0 = Debug|Any CPU
		{2D09E391-132E-4452-A852-456D5081C893}.Debug|x86.ActiveCfg = Debug|Any CPU
		{2D09E391-132E-4452-A852-456D5081C893}.Release|Any CPU.ActiveCfg = Release|Any CPU
		{2D09E391-132E-4452-A852-456D5081C893}.Release|Any CPU.Build.0 = Release|Any CPU
		{2D09E391-132E-4452-A852-456D5081C893}.Release|Mixed Platforms.ActiveCfg = Release|Any CPU
		{2D09E391-132E-4452-A852-456D5081C893}.Release|Mixed Platforms.Build.0 = Release|Any CPU
		{2D09E391-132E-4452-A852-456D5081C893}.Release|x86.ActiveCfg = Release|Any CPU
		{7D2E74D4-E4CB-4452-B4DF-57FA5A6ACAB5}.Debug|Any CPU.ActiveCfg = Debug|x86
		{7D2E74D4-E4CB-4452-B4DF-57FA5A6ACAB5}.Debug|Mixed Platforms.ActiveCfg = Debug|x86
		{7D2E74D4-E4CB-4452-B4DF-57FA5A6ACAB5}.Debug|Mixed Platforms.Build.0 = Debug|x86
		{7D2E74D4-E4CB-4452-B4DF-57FA5A6ACAB5}.Debug|x86.ActiveCfg = Debug|x86
		{7D2E74D4-E4CB-4452-B4DF-57FA5A6ACAB5}.Debug|x86.Build.0 = Debug|x86
		{7D2E74D4-E4CB-4452-B4DF-57FA5A6ACAB5}.Release|Any CPU.ActiveCfg = Release|x86
		{7D2E74D4-E4CB-4452-B4DF-57FA5A6ACAB5}.Release|Mixed Platforms.ActiveCfg = Release|x86
		{7D2E74D4-E4CB-4452-B4DF-57FA5A6ACAB5}.Release|Mixed Platforms.Build.0 = Release|x86
		{7D2E74D4-E4CB-4452-B4DF-57FA5A6ACAB5}.Release|x86.ActiveCfg = Release|x86
		{7D2E74D4-E4CB-4452-B4DF-57FA5A6ACAB5}.Release|x86.Build.0 = Release|x86
		{DBB20AA3-C1D1-4224-9EAE-A8C057111772}.Debug|Any CPU.ActiveCfg = Debug|x86
		{DBB20AA3-C1D1-4224-9EAE-A8C057111772}.Debug|Mixed Platforms.ActiveCfg = Debug|x86
		{DBB20AA3-C1D1-4224-9EAE-A8C057111772}.Debug|Mixed Platforms.Build.0 = Debug|x86
		{DBB20AA3-C1D1-4224-9EAE-A8C057111772}.Debug|x86.ActiveCfg = Debug|x86
		{DBB20AA3-C1D1-4224-9EAE-A8C057111772}.Debug|x86.Build.0 = Debug|x86
		{DBB20AA3-C1D1-4224-9EAE-A8C057111772}.Release|Any CPU.ActiveCfg = Release|x86
		{DBB20AA3-C1D1-4224-9EAE-A8C057111772}.Release|Mixed Platforms.ActiveCfg = Release|x86
		{DBB20AA3-C1D1-4224-9EAE-A8C057111772}.Release|Mixed Platforms.Build.0 = Release|x86
		{DBB20AA3-C1D1-4224-9EAE-A8C057111772}.Release|x86.ActiveCfg = Release|x86
		{DBB20AA3-C1D1-4224-9EAE-A8C057111772}.Release|x86.Build.0 = Release|x86
		{DFE00C83-642B-448B-ABF5-C87569279D9E}.Debug|Any CPU.ActiveCfg = Debug|Any CPU
		{DFE00C83-642B-448B-ABF5-C87569279D9E}.Debug|Any CPU.Build.0 = Debug|Any CPU
		{DFE00C83-642B-448B-ABF5-C87569279D9E}.Debug|Mixed Platforms.ActiveCfg = Debug|Any CPU
		{DFE00C83-642B-448B-ABF5-C87569279D9E}.Debug|Mixed Platforms.Build.0 = Debug|Any CPU
		{DFE00C83-642B-448B-ABF5-C87569279D9E}.Debug|x86.ActiveCfg = Debug|Any CPU
		{DFE00C83-642B-448B-ABF5-C87569279D9E}.Release|Any CPU.ActiveCfg = Release|Any CPU
		{DFE00C83-642B-448B-ABF5-C87569279D9E}.Release|Any CPU.Build.0 = Release|Any CPU
		{DFE00C83-642B-448B-ABF5-C87569279D9E}.Release|Mixed Platforms.ActiveCfg = Release|Any CPU
		{DFE00C83-642B-448B-ABF5-C87569279D9E}.Release|Mixed Platforms.Build.0 = Release|Any CPU
		{DFE00C83-642B-448B-ABF5-C87569279D9E}.Release|x86.ActiveCfg = Release|Any CPU
		{2CFB5A20-5B73-4B89-9EDE-082439F06A0D}.Debug|Any CPU.ActiveCfg = Debug|x86
		{2CFB5A20-5B73-4B89-9EDE-082439F06A0D}.Debug|Mixed Platforms.ActiveCfg = Debug|x86
		{2CFB5A20-5B73-4B89-9EDE-082439F06A0D}.Debug|Mixed Platforms.Build.0 = Debug|x86
		{2CFB5A20-5B73-4B89-9EDE-082439F06A0D}.Debug|x86.ActiveCfg = Debug|x86
		{2CFB5A20-5B73-4B89-9EDE-082439F06A0D}.Debug|x86.Build.0 = Debug|x86
		{2CFB5A20-5B73-4B89-9EDE-082439F06A0D}.Release|Any CPU.ActiveCfg = Release|x86
		{2CFB5A20-5B73-4B89-9EDE-082439F06A0D}.Release|Mixed Platforms.ActiveCfg = Release|x86
		{2CFB5A20-5B73-4B89-9EDE-082439F06A0D}.Release|Mixed Platforms.Build.0 = Release|x86
		{2CFB5A20-5B73-4B89-9EDE-082439F06A0D}.Release|x86.ActiveCfg = Release|x86
		{2CFB5A20-5B73-4B89-9EDE-082439F06A0D}.Release|x86.Build.0 = Release|x86
		{D3E6B222-76FE-486C-B3ED-D2173F61FD04}.Debug|Any CPU.ActiveCfg = Debug|Any CPU
		{D3E6B222-76FE-486C-B3ED-D2173F61FD04}.Debug|Any CPU.Build.0 = Debug|Any CPU
		{D3E6B222-76FE-486C-B3ED-D2173F61FD04}.Debug|Mixed Platforms.ActiveCfg = Debug|Any CPU
		{D3E6B222-76FE-486C-B3ED-D2173F61FD04}.Debug|Mixed Platforms.Build.0 = Debug|Any CPU
		{D3E6B222-76FE-486C-B3ED-D2173F61FD04}.Debug|x86.ActiveCfg = Debug|Any CPU
		{D3E6B222-76FE-486C-B3ED-D2173F61FD04}.Release|Any CPU.ActiveCfg = Release|Any CPU
		{D3E6B222-76FE-486C-B3ED-D2173F61FD04}.Release|Any CPU.Build.0 = Release|Any CPU
		{D3E6B222-76FE-486C-B3ED-D2173F61FD04}.Release|Mixed Platforms.ActiveCfg = Release|Any CPU
		{D3E6B222-76FE-486C-B3ED-D2173F61FD04}.Release|Mixed Platforms.Build.0 = Release|Any CPU
		{D3E6B222-76FE-486C-B3ED-D2173F61FD04}.Release|x86.ActiveCfg = Release|Any CPU
		{471AD4E5-D7CE-47C6-BFC0-763CA3A18C3A}.Debug|Any CPU.ActiveCfg = Debug|x86
		{471AD4E5-D7CE-47C6-BFC0-763CA3A18C3A}.Debug|Mixed Platforms.ActiveCfg = Debug|x86
		{471AD4E5-D7CE-47C6-BFC0-763CA3A18C3A}.Debug|Mixed Platforms.Build.0 = Debug|x86
		{471AD4E5-D7CE-47C6-BFC0-763CA3A18C3A}.Debug|x86.ActiveCfg = Debug|x86
		{471AD4E5-D7CE-47C6-BFC0-763CA3A18C3A}.Debug|x86.Build.0 = Debug|x86
		{471AD4E5-D7CE-47C6-BFC0-763CA3A18C3A}.Release|Any CPU.ActiveCfg = Release|x86
		{471AD4E5-D7CE-47C6-BFC0-763CA3A18C3A}.Release|Mixed Platforms.ActiveCfg = Release|x86
		{471AD4E5-D7CE-47C6-BFC0-763CA3A18C3A}.Release|Mixed Platforms.Build.0 = Release|x86
		{471AD4E5-D7CE-47C6-BFC0-763CA3A18C3A}.Release|x86.ActiveCfg = Release|x86
		{471AD4E5-D7CE-47C6-BFC0-763CA3A18C3A}.Release|x86.Build.0 = Release|x86
		{67F88FE4-2A91-4C57-A4EE-43FE773B13FD}.Debug|Any CPU.ActiveCfg = Debug|Any CPU
		{67F88FE4-2A91-4C57-A4EE-43FE773B13FD}.Debug|Any CPU.Build.0 = Debug|Any CPU
		{67F88FE4-2A91-4C57-A4EE-43FE773B13FD}.Debug|Mixed Platforms.ActiveCfg = Debug|Any CPU
		{67F88FE4-2A91-4C57-A4EE-43FE773B13FD}.Debug|Mixed Platforms.Build.0 = Debug|Any CPU
		{67F88FE4-2A91-4C57-A4EE-43FE773B13FD}.Debug|x86.ActiveCfg = Debug|Any CPU
		{67F88FE4-2A91-4C57-A4EE-43FE773B13FD}.Release|Any CPU.ActiveCfg = Release|Any CPU
		{67F88FE4-2A91-4C57-A4EE-43FE773B13FD}.Release|Any CPU.Build.0 = Release|Any CPU
		{67F88FE4-2A91-4C57-A4EE-43FE773B13FD}.Release|Mixed Platforms.ActiveCfg = Release|Any CPU
		{67F88FE4-2A91-4C57-A4EE-43FE773B13FD}.Release|Mixed Platforms.Build.0 = Release|Any CPU
		{67F88FE4-2A91-4C57-A4EE-43FE773B13FD}.Release|x86.ActiveCfg = Release|Any CPU
		{012139C4-FBC2-4FD6-835A-F44375E8C724}.Debug|Any CPU.ActiveCfg = Debug|Any CPU
		{012139C4-FBC2-4FD6-835A-F44375E8C724}.Debug|Any CPU.Build.0 = Debug|Any CPU
		{012139C4-FBC2-4FD6-835A-F44375E8C724}.Debug|Mixed Platforms.ActiveCfg = Debug|Any CPU
		{012139C4-FBC2-4FD6-835A-F44375E8C724}.Debug|Mixed Platforms.Build.0 = Debug|Any CPU
		{012139C4-FBC2-4FD6-835A-F44375E8C724}.Debug|x86.ActiveCfg = Debug|Any CPU
		{012139C4-FBC2-4FD6-835A-F44375E8C724}.Release|Any CPU.ActiveCfg = Release|Any CPU
		{012139C4-FBC2-4FD6-835A-F44375E8C724}.Release|Any CPU.Build.0 = Release|Any CPU
		{012139C4-FBC2-4FD6-835A-F44375E8C724}.Release|Mixed Platforms.ActiveCfg = Release|Any CPU
		{012139C4-FBC2-4FD6-835A-F44375E8C724}.Release|Mixed Platforms.Build.0 = Release|Any CPU
		{012139C4-FBC2-4FD6-835A-F44375E8C724}.Release|x86.ActiveCfg = Release|Any CPU
		{87C112F4-F7D6-4EF1-8DD7-5564616BA4E3}.Debug|Any CPU.ActiveCfg = Debug|x86
		{87C112F4-F7D6-4EF1-8DD7-5564616BA4E3}.Debug|Mixed Platforms.ActiveCfg = Debug|x86
		{87C112F4-F7D6-4EF1-8DD7-5564616BA4E3}.Debug|Mixed Platforms.Build.0 = Debug|x86
		{87C112F4-F7D6-4EF1-8DD7-5564616BA4E3}.Debug|x86.ActiveCfg = Debug|x86
		{87C112F4-F7D6-4EF1-8DD7-5564616BA4E3}.Debug|x86.Build.0 = Debug|x86
		{87C112F4-F7D6-4EF1-8DD7-5564616BA4E3}.Release|Any CPU.ActiveCfg = Release|x86
		{87C112F4-F7D6-4EF1-8DD7-5564616BA4E3}.Release|Mixed Platforms.ActiveCfg = Release|x86
		{87C112F4-F7D6-4EF1-8DD7-5564616BA4E3}.Release|Mixed Platforms.Build.0 = Release|x86
		{87C112F4-F7D6-4EF1-8DD7-5564616BA4E3}.Release|x86.ActiveCfg = Release|x86
		{87C112F4-F7D6-4EF1-8DD7-5564616BA4E3}.Release|x86.Build.0 = Release|x86
		{C6FAC440-4465-4391-AC88-3232769C1C9A}.Debug|Any CPU.ActiveCfg = Debug|x86
		{C6FAC440-4465-4391-AC88-3232769C1C9A}.Debug|Mixed Platforms.ActiveCfg = Debug|x86
		{C6FAC440-4465-4391-AC88-3232769C1C9A}.Debug|Mixed Platforms.Build.0 = Debug|x86
		{C6FAC440-4465-4391-AC88-3232769C1C9A}.Debug|x86.ActiveCfg = Debug|x86
		{C6FAC440-4465-4391-AC88-3232769C1C9A}.Debug|x86.Build.0 = Debug|x86
		{C6FAC440-4465-4391-AC88-3232769C1C9A}.Release|Any CPU.ActiveCfg = Release|x86
		{C6FAC440-4465-4391-AC88-3232769C1C9A}.Release|Mixed Platforms.ActiveCfg = Release|x86
		{C6FAC440-4465-4391-AC88-3232769C1C9A}.Release|Mixed Platforms.Build.0 = Release|x86
		{C6FAC440-4465-4391-AC88-3232769C1C9A}.Release|x86.ActiveCfg = Release|x86
		{C6FAC440-4465-4391-AC88-3232769C1C9A}.Release|x86.Build.0 = Release|x86
		{67A912C7-572C-4052-B781-EB1089544EC6}.Debug|Any CPU.ActiveCfg = Debug|Any CPU
		{67A912C7-572C-4052-B781-EB1089544EC6}.Debug|Any CPU.Build.0 = Debug|Any CPU
		{67A912C7-572C-4052-B781-EB1089544EC6}.Debug|Mixed Platforms.ActiveCfg = Debug|Any CPU
		{67A912C7-572C-4052-B781-EB1089544EC6}.Debug|Mixed Platforms.Build.0 = Debug|Any CPU
		{67A912C7-572C-4052-B781-EB1089544EC6}.Debug|x86.ActiveCfg = Debug|Any CPU
		{67A912C7-572C-4052-B781-EB1089544EC6}.Release|Any CPU.ActiveCfg = Release|Any CPU
		{67A912C7-572C-4052-B781-EB1089544EC6}.Release|Any CPU.Build.0 = Release|Any CPU
		{67A912C7-572C-4052-B781-EB1089544EC6}.Release|Mixed Platforms.ActiveCfg = Release|Any CPU
		{67A912C7-572C-4052-B781-EB1089544EC6}.Release|Mixed Platforms.Build.0 = Release|Any CPU
		{67A912C7-572C-4052-B781-EB1089544EC6}.Release|x86.ActiveCfg = Release|Any CPU
		{32A82B4C-C730-47AC-8F3E-D76A51A1BC94}.Debug|Any CPU.ActiveCfg = Debug|x86
		{32A82B4C-C730-47AC-8F3E-D76A51A1BC94}.Debug|Mixed Platforms.ActiveCfg = Debug|x86
		{32A82B4C-C730-47AC-8F3E-D76A51A1BC94}.Debug|Mixed Platforms.Build.0 = Debug|x86
		{32A82B4C-C730-47AC-8F3E-D76A51A1BC94}.Debug|x86.ActiveCfg = Debug|x86
		{32A82B4C-C730-47AC-8F3E-D76A51A1BC94}.Debug|x86.Build.0 = Debug|x86
		{32A82B4C-C730-47AC-8F3E-D76A51A1BC94}.Release|Any CPU.ActiveCfg = Release|x86
		{32A82B4C-C730-47AC-8F3E-D76A51A1BC94}.Release|Mixed Platforms.ActiveCfg = Release|x86
		{32A82B4C-C730-47AC-8F3E-D76A51A1BC94}.Release|Mixed Platforms.Build.0 = Release|x86
		{32A82B4C-C730-47AC-8F3E-D76A51A1BC94}.Release|x86.ActiveCfg = Release|x86
		{32A82B4C-C730-47AC-8F3E-D76A51A1BC94}.Release|x86.Build.0 = Release|x86
		{475FB017-7C52-4372-AE5F-DF940C284A4F}.Debug|Any CPU.ActiveCfg = Debug|x86
		{475FB017-7C52-4372-AE5F-DF940C284A4F}.Debug|Mixed Platforms.ActiveCfg = Debug|x86
		{475FB017-7C52-4372-AE5F-DF940C284A4F}.Debug|Mixed Platforms.Build.0 = Debug|x86
		{475FB017-7C52-4372-AE5F-DF940C284A4F}.Debug|x86.ActiveCfg = Debug|x86
		{475FB017-7C52-4372-AE5F-DF940C284A4F}.Debug|x86.Build.0 = Debug|x86
		{475FB017-7C52-4372-AE5F-DF940C284A4F}.Release|Any CPU.ActiveCfg = Release|x86
		{475FB017-7C52-4372-AE5F-DF940C284A4F}.Release|Mixed Platforms.ActiveCfg = Release|x86
		{475FB017-7C52-4372-AE5F-DF940C284A4F}.Release|Mixed Platforms.Build.0 = Release|x86
		{475FB017-7C52-4372-AE5F-DF940C284A4F}.Release|x86.ActiveCfg = Release|x86
		{475FB017-7C52-4372-AE5F-DF940C284A4F}.Release|x86.Build.0 = Release|x86
		{0E7413FF-EB9E-4714-ACF2-BE3A6A7B2FFD}.Debug|Any CPU.ActiveCfg = Debug|Any CPU
		{0E7413FF-EB9E-4714-ACF2-BE3A6A7B2FFD}.Debug|Any CPU.Build.0 = Debug|Any CPU
		{0E7413FF-EB9E-4714-ACF2-BE3A6A7B2FFD}.Debug|Mixed Platforms.ActiveCfg = Debug|Any CPU
		{0E7413FF-EB9E-4714-ACF2-BE3A6A7B2FFD}.Debug|Mixed Platforms.Build.0 = Debug|Any CPU
		{0E7413FF-EB9E-4714-ACF2-BE3A6A7B2FFD}.Debug|x86.ActiveCfg = Debug|Any CPU
		{0E7413FF-EB9E-4714-ACF2-BE3A6A7B2FFD}.Release|Any CPU.ActiveCfg = Release|Any CPU
		{0E7413FF-EB9E-4714-ACF2-BE3A6A7B2FFD}.Release|Any CPU.Build.0 = Release|Any CPU
		{0E7413FF-EB9E-4714-ACF2-BE3A6A7B2FFD}.Release|Mixed Platforms.ActiveCfg = Release|Any CPU
		{0E7413FF-EB9E-4714-ACF2-BE3A6A7B2FFD}.Release|Mixed Platforms.Build.0 = Release|Any CPU
		{0E7413FF-EB9E-4714-ACF2-BE3A6A7B2FFD}.Release|x86.ActiveCfg = Release|Any CPU
	EndGlobalSection
	GlobalSection(SolutionProperties) = preSolution
		HideSolutionNode = FALSE
	EndGlobalSection
	GlobalSection(NestedProjects) = preSolution
		{2D09E391-132E-4452-A852-456D5081C893} = {7B3FD2D7-D64C-4F43-8B81-575311D47F42}
		{7D2E74D4-E4CB-4452-B4DF-57FA5A6ACAB5} = {7B3FD2D7-D64C-4F43-8B81-575311D47F42}
		{DBB20AA3-C1D1-4224-9EAE-A8C057111772} = {7B3FD2D7-D64C-4F43-8B81-575311D47F42}
		{DFE00C83-642B-448B-ABF5-C87569279D9E} = {7B3FD2D7-D64C-4F43-8B81-575311D47F42}
		{D3E6B222-76FE-486C-B3ED-D2173F61FD04} = {2938A038-D9E5-4395-9FC8-91802B32AABC}
		{012139C4-FBC2-4FD6-835A-F44375E8C724} = {28427378-E79A-4B9B-8FB6-DE8D2CB9E787}
		{87C112F4-F7D6-4EF1-8DD7-5564616BA4E3} = {28427378-E79A-4B9B-8FB6-DE8D2CB9E787}
		{67A912C7-572C-4052-B781-EB1089544EC6} = {2938A038-D9E5-4395-9FC8-91802B32AABC}
		{32A82B4C-C730-47AC-8F3E-D76A51A1BC94} = {2938A038-D9E5-4395-9FC8-91802B32AABC}
		{0E7413FF-EB9E-4714-ACF2-BE3A6A7B2FFD} = {166DAF5A-E1CB-4400-84EC-D14D387B25E8}
	EndGlobalSection
EndGlobal
